
Microsoft Visual Studio Solution File, Format Version 12.00
# Visual Studio Version 17
VisualStudioVersion = 17.3.32804.467
MinimumVisualStudioVersion = 10.0.40219.1
Project("{FAE04EC0-301F-11D3-BF4B-00C04F79EFBC}") = "Phase1Section3.10", "Phase1Section3.10\Phase1Section3.10.csproj", "{B01A55FB-BF2C-491C-80D9-68DC470A21F3}"
EndProject
Global
	GlobalSection(SolutionConfigurationPlatforms) = preSolution
		Debug|Any CPU = Debug|Any CPU
		Release|Any CPU = Release|Any CPU
	EndGlobalSection
	GlobalSection(ProjectConfigurationPlatforms) = postSolution
		{B01A55FB-BF2C-491C-80D9-68DC470A21F3}.Debug|Any CPU.ActiveCfg = Debug|Any CPU
		{B01A55FB-BF2C-491C-80D9-68DC470A21F3}.Debug|Any CPU.Build.0 = Debug|Any CPU
		{B01A55FB-BF2C-491C-80D9-68DC470A21F3}.Release|Any CPU.ActiveCfg = Release|Any CPU
		{B01A55FB-BF2C-491C-80D9-68DC470A21F3}.Release|Any CPU.Build.0 = Release|Any CPU
	EndGlobalSection
	GlobalSection(SolutionProperties) = preSolution
		HideSolutionNode = FALSE
	EndGlobalSection
	GlobalSection(ExtensibilityGlobals) = postSolution
		SolutionGuid = {90D0FA57-B462-4DA5-989C-7D72259621AE}
	EndGlobalSection
EndGlobal
